{
  "requires": true,
  "lockfileVersion": 1,
  "dependencies": {
    "imask": {
      "version": "4.1.0",
      "resolved": "https://registry.npmjs.org/imask/-/imask-4.1.0.tgz",
      "integrity": "sha512-VGhG5SitE3mD6aIr1fjS31d9cEoFcuEYuk+PApq56PUdCpkDdp3TAnz3pFo9reoAJvOAwrRbapAnC+loeUjftw=="
    }
  }
}
